
Microsoft Visual Studio Solution File, Format Version 12.00
# Visual Studio Version 16
VisualStudioVersion = 16.0.32106.194
MinimumVisualStudioVersion = 10.0.40219.1
Project("{FAE04EC0-301F-11D3-BF4B-00C04F79EFBC}") = "OpenLocalization", "OpenLocalization.csproj", "{365EC58D-1EE0-4102-BF5B-EEB06D6C20E3}"
EndProject
Global
	GlobalSection(SolutionConfigurationPlatforms) = preSolution
		Debug|Any CPU = Debug|Any CPU
		Release|Any CPU = Release|Any CPU
	EndGlobalSection
	GlobalSection(ProjectConfigurationPlatforms) = postSolution
		{365EC58D-1EE0-4102-BF5B-EEB06D6C20E3}.Debug|Any CPU.ActiveCfg = Debug|Any CPU
		{365EC58D-1EE0-4102-BF5B-EEB06D6C20E3}.Debug|Any CPU.Build.0 = Debug|Any CPU
		{365EC58D-1EE0-4102-BF5B-EEB06D6C20E3}.Release|Any CPU.ActiveCfg = Release|Any CPU
		{365EC58D-1EE0-4102-BF5B-EEB06D6C20E3}.Release|Any CPU.Build.0 = Release|Any CPU
	EndGlobalSection
	GlobalSection(SolutionProperties) = preSolution
		HideSolutionNode = FALSE
	EndGlobalSection
	GlobalSection(ExtensibilityGlobals) = postSolution
		SolutionGuid = {C989B9E8-9899-4F05-8CBE-49EF567E5887}
	EndGlobalSection
EndGlobal
